PODS:
  - Alamofire (4.3.0)
  - PromiseKit (4.1.7):
    - PromiseKit/Foundation (= 4.1.7)
    - PromiseKit/QuartzCore (= 4.1.7)
    - PromiseKit/UIKit (= 4.1.7)
  - PromiseKit/Alamofire (4.1.7):
    - Alamofire (~> 4.0)
    - PromiseKit/CorePromise
  - PromiseKit/CorePromise (4.1.7)
  - PromiseKit/Foundation (4.1.7):
    - PromiseKit/CorePromise
  - PromiseKit/QuartzCore (4.1.7):
    - PromiseKit/CorePromise
  - PromiseKit/UIKit (4.1.7):
    - PromiseKit/CorePromise

DEPENDENCIES:
  - Alamofire (~> 4.3)
  - PromiseKit (~> 4.0)
  - PromiseKit/Alamofire (~> 4.0)

SPEC CHECKSUMS:
  Alamofire: 856a113053a7bc9cbe5d6367a555d773fc5cfef7
  PromiseKit: 779f2e41faf62d854e7593026ddbcb0bb5c5002d

PODFILE CHECKSUM: 59f99a51ff77673155e2006e65dc35dee0a1da5d

COCOAPODS: 1.2.0
